
Microsoft Visual Studio Solution File, Format Version 12.00
# Visual Studio 15
VisualStudioVersion = 15.0.26730.16
MinimumVisualStudioVersion = 10.0.40219.1
Project("{8BC9CEB8-8B4A-11D0-8D11-00A0C91BC942}") = "simoib2", "simoib2\simoib2.vcxproj", "{51FD75C4-F94C-40F7-960C-F8D528C04A05}"
EndProject
Global
	GlobalSection(SolutionConfigurationPlatforms) = preSolution
		Debug|x64 = Debug|x64
		Debug|x86 = Debug|x86
		Release|x64 = Release|x64
		Release|x86 = Release|x86
	EndGlobalSection
	GlobalSection(ProjectConfigurationPlatforms) = postSolution
		{51FD75C4-F94C-40F7-960C-F8D528C04A05}.Debug|x64.ActiveCfg = Debug|x64
		{51FD75C4-F94C-40F7-960C-F8D528C04A05}.Debug|x64.Build.0 = Debug|x64
		{51FD75C4-F94C-40F7-960C-F8D528C04A05}.Debug|x86.ActiveCfg = Debug|Win32
		{51FD75C4-F94C-40F7-960C-F8D528C04A05}.Debug|x86.Build.0 = Debug|Win32
		{51FD75C4-F94C-40F7-960C-F8D528C04A05}.Release|x64.ActiveCfg = Release|x64
		{51FD75C4-F94C-40F7-960C-F8D528C04A05}.Release|x64.Build.0 = Release|x64
		{51FD75C4-F94C-40F7-960C-F8D528C04A05}.Release|x86.ActiveCfg = Release|Win32
		{51FD75C4-F94C-40F7-960C-F8D528C04A05}.Release|x86.Build.0 = Release|Win32
	EndGlobalSection
	GlobalSection(SolutionProperties) = preSolution
		HideSolutionNode = FALSE
	EndGlobalSection
	GlobalSection(ExtensibilityGlobals) = postSolution
		SolutionGuid = {B3D87229-E231-4620-A14C-E70DBAA74A05}
	EndGlobalSection
EndGlobal
