
Microsoft Visual Studio Solution File, Format Version 12.00
# Visual Studio 15
VisualStudioVersion = 15.0.26730.16
MinimumVisualStudioVersion = 10.0.40219.1
Project("{FAE04EC0-301F-11D3-BF4B-00C04F79EFBC}") = "ATM1", "ATM1\ATM1.csproj", "{BA66AEAD-2B4B-41A1-9EB2-7DB5B84AF2C2}"
EndProject
Global
	GlobalSection(SolutionConfigurationPlatforms) = preSolution
		Debug|Any CPU = Debug|Any CPU
		Release|Any CPU = Release|Any CPU
	EndGlobalSection
	GlobalSection(ProjectConfigurationPlatforms) = postSolution
		{BA66AEAD-2B4B-41A1-9EB2-7DB5B84AF2C2}.Debug|Any CPU.ActiveCfg = Debug|Any CPU
		{BA66AEAD-2B4B-41A1-9EB2-7DB5B84AF2C2}.Debug|Any CPU.Build.0 = Debug|Any CPU
		{BA66AEAD-2B4B-41A1-9EB2-7DB5B84AF2C2}.Release|Any CPU.ActiveCfg = Release|Any CPU
		{BA66AEAD-2B4B-41A1-9EB2-7DB5B84AF2C2}.Release|Any CPU.Build.0 = Release|Any CPU
	EndGlobalSection
	GlobalSection(SolutionProperties) = preSolution
		HideSolutionNode = FALSE
	EndGlobalSection
	GlobalSection(ExtensibilityGlobals) = postSolution
		SolutionGuid = {007DE34C-5728-4665-A4AA-8B5C40D91D00}
	EndGlobalSection
EndGlobal
